
Microsoft Visual Studio Solution File, Format Version 12.00
# Visual Studio Version 16
VisualStudioVersion = 16.0.29411.108
MinimumVisualStudioVersion = 10.0.40219.1
Project("{9A19103F-16F7-4668-BE54-9A1E7A4F7556}") = "HuraceTest", "HuraceTest\HuraceTest.csproj", "{247B4B3E-7A40-41CF-BD21-4CCBE9AF7BA3}"
EndProject
Project("{9A19103F-16F7-4668-BE54-9A1E7A4F7556}") = "Timer", "Timer\Timer.csproj", "{17491513-8DB9-43A3-B7C2-5F8E7E47D1C9}"
EndProject
Project("{9A19103F-16F7-4668-BE54-9A1E7A4F7556}") = "Core.DAL", "Core.DAL\Core.DAL.csproj", "{3CCAD52D-1829-4437-A411-B42AE475E2E6}"
EndProject
Project("{9A19103F-16F7-4668-BE54-9A1E7A4F7556}") = "Core.Logic", "Core.Logic\Core.Logic.csproj", "{4FF4A5F1-42D9-41B3-B2F2-85032C156787}"
EndProject
Project("{FAE04EC0-301F-11D3-BF4B-00C04F79EFBC}") = "RaceControl", "RaceControl\RaceControl.csproj", "{F7CC6C76-FCE9-4A8B-A1E9-51448290DFC7}"
EndProject
Project("{FAE04EC0-301F-11D3-BF4B-00C04F79EFBC}") = "RaceControl.Tests.xUnit", "RaceControl.Tests.xUnit\RaceControl.Tests.xUnit.csproj", "{B3A165A4-5A7B-4625-8CC0-D96B76ACB4AE}"
EndProject
Project("{9A19103F-16F7-4668-BE54-9A1E7A4F7556}") = "RaceControl.Core", "RaceControl.Core\RaceControl.Core.csproj", "{12D1F551-A0C0-4EC9-BA7E-32278855BA4F}"
EndProject
Global
	GlobalSection(SolutionConfigurationPlatforms) = preSolution
		Debug|Any CPU = Debug|Any CPU
		Debug|ARM = Debug|ARM
		Debug|ARM64 = Debug|ARM64
		Debug|x64 = Debug|x64
		Debug|x86 = Debug|x86
		Release|Any CPU = Release|Any CPU
		Release|ARM = Release|ARM
		Release|ARM64 = Release|ARM64
		Release|x64 = Release|x64
		Release|x86 = Release|x86
	EndGlobalSection
	GlobalSection(ProjectConfigurationPlatforms) = postSolution
		{247B4B3E-7A40-41CF-BD21-4CCBE9AF7BA3}.Debug|Any CPU.ActiveCfg = Debug|Any CPU
		{247B4B3E-7A40-41CF-BD21-4CCBE9AF7BA3}.Debug|Any CPU.Build.0 = Debug|Any CPU
		{247B4B3E-7A40-41CF-BD21-4CCBE9AF7BA3}.Debug|ARM.ActiveCfg = Debug|Any CPU
		{247B4B3E-7A40-41CF-BD21-4CCBE9AF7BA3}.Debug|ARM.Build.0 = Debug|Any CPU
		{247B4B3E-7A40-41CF-BD21-4CCBE9AF7BA3}.Debug|ARM64.ActiveCfg = Debug|Any CPU
		{247B4B3E-7A40-41CF-BD21-4CCBE9AF7BA3}.Debug|ARM64.Build.0 = Debug|Any CPU
		{247B4B3E-7A40-41CF-BD21-4CCBE9AF7BA3}.Debug|x64.ActiveCfg = Debug|Any CPU
		{247B4B3E-7A40-41CF-BD21-4CCBE9AF7BA3}.Debug|x64.Build.0 = Debug|Any CPU
		{247B4B3E-7A40-41CF-BD21-4CCBE9AF7BA3}.Debug|x86.ActiveCfg = Debug|Any CPU
		{247B4B3E-7A40-41CF-BD21-4CCBE9AF7BA3}.Debug|x86.Build.0 = Debug|Any CPU
		{247B4B3E-7A40-41CF-BD21-4CCBE9AF7BA3}.Release|Any CPU.ActiveCfg = Release|Any CPU
		{247B4B3E-7A40-41CF-BD21-4CCBE9AF7BA3}.Release|Any CPU.Build.0 = Release|Any CPU
		{247B4B3E-7A40-41CF-BD21-4CCBE9AF7BA3}.Release|ARM.ActiveCfg = Release|Any CPU
		{247B4B3E-7A40-41CF-BD21-4CCBE9AF7BA3}.Release|ARM.Build.0 = Release|Any CPU
		{247B4B3E-7A40-41CF-BD21-4CCBE9AF7BA3}.Release|ARM64.ActiveCfg = Release|Any CPU
		{247B4B3E-7A40-41CF-BD21-4CCBE9AF7BA3}.Release|ARM64.Build.0 = Release|Any CPU
		{247B4B3E-7A40-41CF-BD21-4CCBE9AF7BA3}.Release|x64.ActiveCfg = Release|Any CPU
		{247B4B3E-7A40-41CF-BD21-4CCBE9AF7BA3}.Release|x64.Build.0 = Release|Any CPU
		{247B4B3E-7A40-41CF-BD21-4CCBE9AF7BA3}.Release|x86.ActiveCfg = Release|Any CPU
		{247B4B3E-7A40-41CF-BD21-4CCBE9AF7BA3}.Release|x86.Build.0 = Release|Any CPU
		{17491513-8DB9-43A3-B7C2-5F8E7E47D1C9}.Debug|Any CPU.ActiveCfg = Debug|Any CPU
		{17491513-8DB9-43A3-B7C2-5F8E7E47D1C9}.Debug|Any CPU.Build.0 = Debug|Any CPU
		{17491513-8DB9-43A3-B7C2-5F8E7E47D1C9}.Debug|ARM.ActiveCfg = Debug|Any CPU
		{17491513-8DB9-43A3-B7C2-5F8E7E47D1C9}.Debug|ARM.Build.0 = Debug|Any CPU
		{17491513-8DB9-43A3-B7C2-5F8E7E47D1C9}.Debug|ARM64.ActiveCfg = Debug|Any CPU
		{17491513-8DB9-43A3-B7C2-5F8E7E47D1C9}.Debug|ARM64.Build.0 = Debug|Any CPU
		{17491513-8DB9-43A3-B7C2-5F8E7E47D1C9}.Debug|x64.ActiveCfg = Debug|Any CPU
		{17491513-8DB9-43A3-B7C2-5F8E7E47D1C9}.Debug|x64.Build.0 = Debug|Any CPU
		{17491513-8DB9-43A3-B7C2-5F8E7E47D1C9}.Debug|x86.ActiveCfg = Debug|Any CPU
		{17491513-8DB9-43A3-B7C2-5F8E7E47D1C9}.Debug|x86.Build.0 = Debug|Any CPU
		{17491513-8DB9-43A3-B7C2-5F8E7E47D1C9}.Release|Any CPU.ActiveCfg = Release|Any CPU
		{17491513-8DB9-43A3-B7C2-5F8E7E47D1C9}.Release|Any CPU.Build.0 = Release|Any CPU
		{17491513-8DB9-43A3-B7C2-5F8E7E47D1C9}.Release|ARM.ActiveCfg = Release|Any CPU
		{17491513-8DB9-43A3-B7C2-5F8E7E47D1C9}.Release|ARM.Build.0 = Release|Any CPU
		{17491513-8DB9-43A3-B7C2-5F8E7E47D1C9}.Release|ARM64.ActiveCfg = Release|Any CPU
		{17491513-8DB9-43A3-B7C2-5F8E7E47D1C9}.Release|ARM64.Build.0 = Release|Any CPU
		{17491513-8DB9-43A3-B7C2-5F8E7E47D1C9}.Release|x64.ActiveCfg = Release|Any CPU
		{17491513-8DB9-43A3-B7C2-5F8E7E47D1C9}.Release|x64.Build.0 = Release|Any CPU
		{17491513-8DB9-43A3-B7C2-5F8E7E47D1C9}.Release|x86.ActiveCfg = Release|Any CPU
		{17491513-8DB9-43A3-B7C2-5F8E7E47D1C9}.Release|x86.Build.0 = Release|Any CPU
		{3CCAD52D-1829-4437-A411-B42AE475E2E6}.Debug|Any CPU.ActiveCfg = Debug|Any CPU
		{3CCAD52D-1829-4437-A411-B42AE475E2E6}.Debug|Any CPU.Build.0 = Debug|Any CPU
		{3CCAD52D-1829-4437-A411-B42AE475E2E6}.Debug|ARM.ActiveCfg = Debug|Any CPU
		{3CCAD52D-1829-4437-A411-B42AE475E2E6}.Debug|ARM.Build.0 = Debug|Any CPU
		{3CCAD52D-1829-4437-A411-B42AE475E2E6}.Debug|ARM64.ActiveCfg = Debug|Any CPU
		{3CCAD52D-1829-4437-A411-B42AE475E2E6}.Debug|ARM64.Build.0 = Debug|Any CPU
		{3CCAD52D-1829-4437-A411-B42AE475E2E6}.Debug|x64.ActiveCfg = Debug|Any CPU
		{3CCAD52D-1829-4437-A411-B42AE475E2E6}.Debug|x64.Build.0 = Debug|Any CPU
		{3CCAD52D-1829-4437-A411-B42AE475E2E6}.Debug|x86.ActiveCfg = Debug|Any CPU
		{3CCAD52D-1829-4437-A411-B42AE475E2E6}.Debug|x86.Build.0 = Debug|Any CPU
		{3CCAD52D-1829-4437-A411-B42AE475E2E6}.Release|Any CPU.ActiveCfg = Release|Any CPU
		{3CCAD52D-1829-4437-A411-B42AE475E2E6}.Release|Any CPU.Build.0 = Release|Any CPU
		{3CCAD52D-1829-4437-A411-B42AE475E2E6}.Release|ARM.ActiveCfg = Release|Any CPU
		{3CCAD52D-1829-4437-A411-B42AE475E2E6}.Release|ARM.Build.0 = Release|Any CPU
		{3CCAD52D-1829-4437-A411-B42AE475E2E6}.Release|ARM64.ActiveCfg = Release|Any CPU
		{3CCAD52D-1829-4437-A411-B42AE475E2E6}.Release|ARM64.Build.0 = Release|Any CPU
		{3CCAD52D-1829-4437-A411-B42AE475E2E6}.Release|x64.ActiveCfg = Release|Any CPU
		{3CCAD52D-1829-4437-A411-B42AE475E2E6}.Release|x64.Build.0 = Release|Any CPU
		{3CCAD52D-1829-4437-A411-B42AE475E2E6}.Release|x86.ActiveCfg = Release|Any CPU
		{3CCAD52D-1829-4437-A411-B42AE475E2E6}.Release|x86.Build.0 = Release|Any CPU
		{4FF4A5F1-42D9-41B3-B2F2-85032C156787}.Debug|Any CPU.ActiveCfg = Debug|Any CPU
		{4FF4A5F1-42D9-41B3-B2F2-85032C156787}.Debug|Any CPU.Build.0 = Debug|Any CPU
		{4FF4A5F1-42D9-41B3-B2F2-85032C156787}.Debug|ARM.ActiveCfg = Debug|Any CPU
		{4FF4A5F1-42D9-41B3-B2F2-85032C156787}.Debug|ARM.Build.0 = Debug|Any CPU
		{4FF4A5F1-42D9-41B3-B2F2-85032C156787}.Debug|ARM64.ActiveCfg = Debug|Any CPU
		{4FF4A5F1-42D9-41B3-B2F2-85032C156787}.Debug|ARM64.Build.0 = Debug|Any CPU
		{4FF4A5F1-42D9-41B3-B2F2-85032C156787}.Debug|x64.ActiveCfg = Debug|Any CPU
		{4FF4A5F1-42D9-41B3-B2F2-85032C156787}.Debug|x64.Build.0 = Debug|Any CPU
		{4FF4A5F1-42D9-41B3-B2F2-85032C156787}.Debug|x86.ActiveCfg = Debug|Any CPU
		{4FF4A5F1-42D9-41B3-B2F2-85032C156787}.Debug|x86.Build.0 = Debug|Any CPU
		{4FF4A5F1-42D9-41B3-B2F2-85032C156787}.Release|Any CPU.ActiveCfg = Release|Any CPU
		{4FF4A5F1-42D9-41B3-B2F2-85032C156787}.Release|Any CPU.Build.0 = Release|Any CPU
		{4FF4A5F1-42D9-41B3-B2F2-85032C156787}.Release|ARM.ActiveCfg = Release|Any CPU
		{4FF4A5F1-42D9-41B3-B2F2-85032C156787}.Release|ARM.Build.0 = Release|Any CPU
		{4FF4A5F1-42D9-41B3-B2F2-85032C156787}.Release|ARM64.ActiveCfg = Release|Any CPU
		{4FF4A5F1-42D9-41B3-B2F2-85032C156787}.Release|ARM64.Build.0 = Release|Any CPU
		{4FF4A5F1-42D9-41B3-B2F2-85032C156787}.Release|x64.ActiveCfg = Release|Any CPU
		{4FF4A5F1-42D9-41B3-B2F2-85032C156787}.Release|x64.Build.0 = Release|Any CPU
		{4FF4A5F1-42D9-41B3-B2F2-85032C156787}.Release|x86.ActiveCfg = Release|Any CPU
		{4FF4A5F1-42D9-41B3-B2F2-85032C156787}.Release|x86.Build.0 = Release|Any CPU
		{F7CC6C76-FCE9-4A8B-A1E9-51448290DFC7}.Debug|Any CPU.ActiveCfg = Debug|x86
		{F7CC6C76-FCE9-4A8B-A1E9-51448290DFC7}.Debug|ARM.ActiveCfg = Debug|ARM
		{F7CC6C76-FCE9-4A8B-A1E9-51448290DFC7}.Debug|ARM.Build.0 = Debug|ARM
		{F7CC6C76-FCE9-4A8B-A1E9-51448290DFC7}.Debug|ARM.Deploy.0 = Debug|ARM
		{F7CC6C76-FCE9-4A8B-A1E9-51448290DFC7}.Debug|ARM64.ActiveCfg = Debug|ARM64
		{F7CC6C76-FCE9-4A8B-A1E9-51448290DFC7}.Debug|ARM64.Build.0 = Debug|ARM64
		{F7CC6C76-FCE9-4A8B-A1E9-51448290DFC7}.Debug|ARM64.Deploy.0 = Debug|ARM64
		{F7CC6C76-FCE9-4A8B-A1E9-51448290DFC7}.Debug|x64.ActiveCfg = Debug|x64
		{F7CC6C76-FCE9-4A8B-A1E9-51448290DFC7}.Debug|x64.Build.0 = Debug|x64
		{F7CC6C76-FCE9-4A8B-A1E9-51448290DFC7}.Debug|x64.Deploy.0 = Debug|x64
		{F7CC6C76-FCE9-4A8B-A1E9-51448290DFC7}.Debug|x86.ActiveCfg = Debug|x86
		{F7CC6C76-FCE9-4A8B-A1E9-51448290DFC7}.Debug|x86.Build.0 = Debug|x86
		{F7CC6C76-FCE9-4A8B-A1E9-51448290DFC7}.Debug|x86.Deploy.0 = Debug|x86
		{F7CC6C76-FCE9-4A8B-A1E9-51448290DFC7}.Release|Any CPU.ActiveCfg = Release|x86
		{F7CC6C76-FCE9-4A8B-A1E9-51448290DFC7}.Release|ARM.ActiveCfg = Release|ARM
		{F7CC6C76-FCE9-4A8B-A1E9-51448290DFC7}.Release|ARM.Build.0 = Release|ARM
		{F7CC6C76-FCE9-4A8B-A1E9-51448290DFC7}.Release|ARM.Deploy.0 = Release|ARM
		{F7CC6C76-FCE9-4A8B-A1E9-51448290DFC7}.Release|ARM64.ActiveCfg = Release|ARM64
		{F7CC6C76-FCE9-4A8B-A1E9-51448290DFC7}.Release|ARM64.Build.0 = Release|ARM64
		{F7CC6C76-FCE9-4A8B-A1E9-51448290DFC7}.Release|ARM64.Deploy.0 = Release|ARM64
		{F7CC6C76-FCE9-4A8B-A1E9-51448290DFC7}.Release|x64.ActiveCfg = Release|x64
		{F7CC6C76-FCE9-4A8B-A1E9-51448290DFC7}.Release|x64.Build.0 = Release|x64
		{F7CC6C76-FCE9-4A8B-A1E9-51448290DFC7}.Release|x64.Deploy.0 = Release|x64
		{F7CC6C76-FCE9-4A8B-A1E9-51448290DFC7}.Release|x86.ActiveCfg = Release|x86
		{F7CC6C76-FCE9-4A8B-A1E9-51448290DFC7}.Release|x86.Build.0 = Release|x86
		{F7CC6C76-FCE9-4A8B-A1E9-51448290DFC7}.Release|x86.Deploy.0 = Release|x86
		{B3A165A4-5A7B-4625-8CC0-D96B76ACB4AE}.Debug|Any CPU.ActiveCfg = Debug|x86
		{B3A165A4-5A7B-4625-8CC0-D96B76ACB4AE}.Debug|ARM.ActiveCfg = Debug|ARM
		{B3A165A4-5A7B-4625-8CC0-D96B76ACB4AE}.Debug|ARM.Build.0 = Debug|ARM
		{B3A165A4-5A7B-4625-8CC0-D96B76ACB4AE}.Debug|ARM.Deploy.0 = Debug|ARM
		{B3A165A4-5A7B-4625-8CC0-D96B76ACB4AE}.Debug|ARM64.ActiveCfg = Debug|x86
		{B3A165A4-5A7B-4625-8CC0-D96B76ACB4AE}.Debug|x64.ActiveCfg = Debug|x64
		{B3A165A4-5A7B-4625-8CC0-D96B76ACB4AE}.Debug|x64.Build.0 = Debug|x64
		{B3A165A4-5A7B-4625-8CC0-D96B76ACB4AE}.Debug|x64.Deploy.0 = Debug|x64
		{B3A165A4-5A7B-4625-8CC0-D96B76ACB4AE}.Debug|x86.ActiveCfg = Debug|x86
		{B3A165A4-5A7B-4625-8CC0-D96B76ACB4AE}.Debug|x86.Build.0 = Debug|x86
		{B3A165A4-5A7B-4625-8CC0-D96B76ACB4AE}.Debug|x86.Deploy.0 = Debug|x86
		{B3A165A4-5A7B-4625-8CC0-D96B76ACB4AE}.Release|Any CPU.ActiveCfg = Release|x86
		{B3A165A4-5A7B-4625-8CC0-D96B76ACB4AE}.Release|ARM.ActiveCfg = Release|ARM
		{B3A165A4-5A7B-4625-8CC0-D96B76ACB4AE}.Release|ARM.Build.0 = Release|ARM
		{B3A165A4-5A7B-4625-8CC0-D96B76ACB4AE}.Release|ARM.Deploy.0 = Release|ARM
		{B3A165A4-5A7B-4625-8CC0-D96B76ACB4AE}.Release|ARM64.ActiveCfg = Release|x86
		{B3A165A4-5A7B-4625-8CC0-D96B76ACB4AE}.Release|x64.ActiveCfg = Release|x64
		{B3A165A4-5A7B-4625-8CC0-D96B76ACB4AE}.Release|x64.Build.0 = Release|x64
		{B3A165A4-5A7B-4625-8CC0-D96B76ACB4AE}.Release|x64.Deploy.0 = Release|x64
		{B3A165A4-5A7B-4625-8CC0-D96B76ACB4AE}.Release|x86.ActiveCfg = Release|x86
		{B3A165A4-5A7B-4625-8CC0-D96B76ACB4AE}.Release|x86.Build.0 = Release|x86
		{B3A165A4-5A7B-4625-8CC0-D96B76ACB4AE}.Release|x86.Deploy.0 = Release|x86
		{12D1F551-A0C0-4EC9-BA7E-32278855BA4F}.Debug|Any CPU.ActiveCfg = Debug|Any CPU
		{12D1F551-A0C0-4EC9-BA7E-32278855BA4F}.Debug|Any CPU.Build.0 = Debug|Any CPU
		{12D1F551-A0C0-4EC9-BA7E-32278855BA4F}.Debug|ARM.ActiveCfg = Debug|Any CPU
		{12D1F551-A0C0-4EC9-BA7E-32278855BA4F}.Debug|ARM.Build.0 = Debug|Any CPU
		{12D1F551-A0C0-4EC9-BA7E-32278855BA4F}.Debug|ARM64.ActiveCfg = Debug|Any CPU
		{12D1F551-A0C0-4EC9-BA7E-32278855BA4F}.Debug|ARM64.Build.0 = Debug|Any CPU
		{12D1F551-A0C0-4EC9-BA7E-32278855BA4F}.Debug|x64.ActiveCfg = Debug|Any CPU
		{12D1F551-A0C0-4EC9-BA7E-32278855BA4F}.Debug|x64.Build.0 = Debug|Any CPU
		{12D1F551-A0C0-4EC9-BA7E-32278855BA4F}.Debug|x86.ActiveCfg = Debug|Any CPU
		{12D1F551-A0C0-4EC9-BA7E-32278855BA4F}.Debug|x86.Build.0 = Debug|Any CPU
		{12D1F551-A0C0-4EC9-BA7E-32278855BA4F}.Release|Any CPU.ActiveCfg = Release|Any CPU
		{12D1F551-A0C0-4EC9-BA7E-32278855BA4F}.Release|Any CPU.Build.0 = Release|Any CPU
		{12D1F551-A0C0-4EC9-BA7E-32278855BA4F}.Release|ARM.ActiveCfg = Release|Any CPU
		{12D1F551-A0C0-4EC9-BA7E-32278855BA4F}.Release|ARM.Build.0 = Release|Any CPU
		{12D1F551-A0C0-4EC9-BA7E-32278855BA4F}.Release|ARM64.ActiveCfg = Release|Any CPU
		{12D1F551-A0C0-4EC9-BA7E-32278855BA4F}.Release|ARM64.Build.0 = Release|Any CPU
		{12D1F551-A0C0-4EC9-BA7E-32278855BA4F}.Release|x64.ActiveCfg = Release|Any CPU
		{12D1F551-A0C0-4EC9-BA7E-32278855BA4F}.Release|x64.Build.0 = Release|Any CPU
		{12D1F551-A0C0-4EC9-BA7E-32278855BA4F}.Release|x86.ActiveCfg = Release|Any CPU
		{12D1F551-A0C0-4EC9-BA7E-32278855BA4F}.Release|x86.Build.0 = Release|Any CPU
	EndGlobalSection
	GlobalSection(SolutionProperties) = preSolution
		HideSolutionNode = FALSE
	EndGlobalSection
	GlobalSection(ExtensibilityGlobals) = postSolution
		SolutionGuid = {AB0D776B-3E6D-460E-A9F3-7F2D09A11A9C}
	EndGlobalSection
EndGlobal
