
Microsoft Visual Studio Solution File, Format Version 12.00
# Visual Studio Version 16
VisualStudioVersion = 16.0.29411.108
MinimumVisualStudioVersion = 10.0.40219.1
Project("{9A19103F-16F7-4668-BE54-9A1E7A4F7556}") = "HuraceTest", "HuraceTest\HuraceTest.csproj", "{247B4B3E-7A40-41CF-BD21-4CCBE9AF7BA3}"
	ProjectSection(ProjectDependencies) = postProject
		{4A4798BF-E039-4E05-B2AC-B66015C35B1D} = {4A4798BF-E039-4E05-B2AC-B66015C35B1D}
	EndProjectSection
EndProject
Project("{9A19103F-16F7-4668-BE54-9A1E7A4F7556}") = "Timer", "Timer\Timer.csproj", "{17491513-8DB9-43A3-B7C2-5F8E7E47D1C9}"
EndProject
Project("{9A19103F-16F7-4668-BE54-9A1E7A4F7556}") = "Core.DAL", "Core.DAL\Core.DAL.csproj", "{3CCAD52D-1829-4437-A411-B42AE475E2E6}"
EndProject
Project("{9A19103F-16F7-4668-BE54-9A1E7A4F7556}") = "Core.Logic", "Core.Logic\Core.Logic.csproj", "{4FF4A5F1-42D9-41B3-B2F2-85032C156787}"
EndProject
Project("{9A19103F-16F7-4668-BE54-9A1E7A4F7556}") = "RaceControl", "RaceControl\RaceControl.csproj", "{28377754-10AA-41E5-A1F8-457C3E13D7E3}"
EndProject
Project("{9A19103F-16F7-4668-BE54-9A1E7A4F7556}") = "Api", "Api\Api.csproj", "{4A4798BF-E039-4E05-B2AC-B66015C35B1D}"
EndProject
Global
	GlobalSection(SolutionConfigurationPlatforms) = preSolution
		Debug|Any CPU = Debug|Any CPU
		Debug|ARM = Debug|ARM
		Debug|ARM64 = Debug|ARM64
		Debug|x64 = Debug|x64
		Debug|x86 = Debug|x86
		Release|Any CPU = Release|Any CPU
		Release|ARM = Release|ARM
		Release|ARM64 = Release|ARM64
		Release|x64 = Release|x64
		Release|x86 = Release|x86
	EndGlobalSection
	GlobalSection(ProjectConfigurationPlatforms) = postSolution
		{247B4B3E-7A40-41CF-BD21-4CCBE9AF7BA3}.Debug|Any CPU.ActiveCfg = Debug|Any CPU
		{247B4B3E-7A40-41CF-BD21-4CCBE9AF7BA3}.Debug|Any CPU.Build.0 = Debug|Any CPU
		{247B4B3E-7A40-41CF-BD21-4CCBE9AF7BA3}.Debug|ARM.ActiveCfg = Debug|Any CPU
		{247B4B3E-7A40-41CF-BD21-4CCBE9AF7BA3}.Debug|ARM.Build.0 = Debug|Any CPU
		{247B4B3E-7A40-41CF-BD21-4CCBE9AF7BA3}.Debug|ARM64.ActiveCfg = Debug|Any CPU
		{247B4B3E-7A40-41CF-BD21-4CCBE9AF7BA3}.Debug|ARM64.Build.0 = Debug|Any CPU
		{247B4B3E-7A40-41CF-BD21-4CCBE9AF7BA3}.Debug|x64.ActiveCfg = Debug|Any CPU
		{247B4B3E-7A40-41CF-BD21-4CCBE9AF7BA3}.Debug|x64.Build.0 = Debug|Any CPU
		{247B4B3E-7A40-41CF-BD21-4CCBE9AF7BA3}.Debug|x86.ActiveCfg = Debug|Any CPU
		{247B4B3E-7A40-41CF-BD21-4CCBE9AF7BA3}.Debug|x86.Build.0 = Debug|Any CPU
		{247B4B3E-7A40-41CF-BD21-4CCBE9AF7BA3}.Release|Any CPU.ActiveCfg = Release|Any CPU
		{247B4B3E-7A40-41CF-BD21-4CCBE9AF7BA3}.Release|Any CPU.Build.0 = Release|Any CPU
		{247B4B3E-7A40-41CF-BD21-4CCBE9AF7BA3}.Release|ARM.ActiveCfg = Release|Any CPU
		{247B4B3E-7A40-41CF-BD21-4CCBE9AF7BA3}.Release|ARM.Build.0 = Release|Any CPU
		{247B4B3E-7A40-41CF-BD21-4CCBE9AF7BA3}.Release|ARM64.ActiveCfg = Release|Any CPU
		{247B4B3E-7A40-41CF-BD21-4CCBE9AF7BA3}.Release|ARM64.Build.0 = Release|Any CPU
		{247B4B3E-7A40-41CF-BD21-4CCBE9AF7BA3}.Release|x64.ActiveCfg = Release|Any CPU
		{247B4B3E-7A40-41CF-BD21-4CCBE9AF7BA3}.Release|x64.Build.0 = Release|Any CPU
		{247B4B3E-7A40-41CF-BD21-4CCBE9AF7BA3}.Release|x86.ActiveCfg = Release|Any CPU
		{247B4B3E-7A40-41CF-BD21-4CCBE9AF7BA3}.Release|x86.Build.0 = Release|Any CPU
		{17491513-8DB9-43A3-B7C2-5F8E7E47D1C9}.Debug|Any CPU.ActiveCfg = Debug|Any CPU
		{17491513-8DB9-43A3-B7C2-5F8E7E47D1C9}.Debug|Any CPU.Build.0 = Debug|Any CPU
		{17491513-8DB9-43A3-B7C2-5F8E7E47D1C9}.Debug|ARM.ActiveCfg = Debug|Any CPU
		{17491513-8DB9-43A3-B7C2-5F8E7E47D1C9}.Debug|ARM.Build.0 = Debug|Any CPU
		{17491513-8DB9-43A3-B7C2-5F8E7E47D1C9}.Debug|ARM64.ActiveCfg = Debug|Any CPU
		{17491513-8DB9-43A3-B7C2-5F8E7E47D1C9}.Debug|ARM64.Build.0 = Debug|Any CPU
		{17491513-8DB9-43A3-B7C2-5F8E7E47D1C9}.Debug|x64.ActiveCfg = Debug|Any CPU
		{17491513-8DB9-43A3-B7C2-5F8E7E47D1C9}.Debug|x64.Build.0 = Debug|Any CPU
		{17491513-8DB9-43A3-B7C2-5F8E7E47D1C9}.Debug|x86.ActiveCfg = Debug|Any CPU
		{17491513-8DB9-43A3-B7C2-5F8E7E47D1C9}.Debug|x86.Build.0 = Debug|Any CPU
		{17491513-8DB9-43A3-B7C2-5F8E7E47D1C9}.Release|Any CPU.ActiveCfg = Release|Any CPU
		{17491513-8DB9-43A3-B7C2-5F8E7E47D1C9}.Release|Any CPU.Build.0 = Release|Any CPU
		{17491513-8DB9-43A3-B7C2-5F8E7E47D1C9}.Release|ARM.ActiveCfg = Release|Any CPU
		{17491513-8DB9-43A3-B7C2-5F8E7E47D1C9}.Release|ARM.Build.0 = Release|Any CPU
		{17491513-8DB9-43A3-B7C2-5F8E7E47D1C9}.Release|ARM64.ActiveCfg = Release|Any CPU
		{17491513-8DB9-43A3-B7C2-5F8E7E47D1C9}.Release|ARM64.Build.0 = Release|Any CPU
		{17491513-8DB9-43A3-B7C2-5F8E7E47D1C9}.Release|x64.ActiveCfg = Release|Any CPU
		{17491513-8DB9-43A3-B7C2-5F8E7E47D1C9}.Release|x64.Build.0 = Release|Any CPU
		{17491513-8DB9-43A3-B7C2-5F8E7E47D1C9}.Release|x86.ActiveCfg = Release|Any CPU
		{17491513-8DB9-43A3-B7C2-5F8E7E47D1C9}.Release|x86.Build.0 = Release|Any CPU
		{3CCAD52D-1829-4437-A411-B42AE475E2E6}.Debug|Any CPU.ActiveCfg = Debug|Any CPU
		{3CCAD52D-1829-4437-A411-B42AE475E2E6}.Debug|Any CPU.Build.0 = Debug|Any CPU
		{3CCAD52D-1829-4437-A411-B42AE475E2E6}.Debug|ARM.ActiveCfg = Debug|Any CPU
		{3CCAD52D-1829-4437-A411-B42AE475E2E6}.Debug|ARM.Build.0 = Debug|Any CPU
		{3CCAD52D-1829-4437-A411-B42AE475E2E6}.Debug|ARM64.ActiveCfg = Debug|Any CPU
		{3CCAD52D-1829-4437-A411-B42AE475E2E6}.Debug|ARM64.Build.0 = Debug|Any CPU
		{3CCAD52D-1829-4437-A411-B42AE475E2E6}.Debug|x64.ActiveCfg = Debug|Any CPU
		{3CCAD52D-1829-4437-A411-B42AE475E2E6}.Debug|x64.Build.0 = Debug|Any CPU
		{3CCAD52D-1829-4437-A411-B42AE475E2E6}.Debug|x86.ActiveCfg = Debug|Any CPU
		{3CCAD52D-1829-4437-A411-B42AE475E2E6}.Debug|x86.Build.0 = Debug|Any CPU
		{3CCAD52D-1829-4437-A411-B42AE475E2E6}.Release|Any CPU.ActiveCfg = Release|Any CPU
		{3CCAD52D-1829-4437-A411-B42AE475E2E6}.Release|Any CPU.Build.0 = Release|Any CPU
		{3CCAD52D-1829-4437-A411-B42AE475E2E6}.Release|ARM.ActiveCfg = Release|Any CPU
		{3CCAD52D-1829-4437-A411-B42AE475E2E6}.Release|ARM.Build.0 = Release|Any CPU
		{3CCAD52D-1829-4437-A411-B42AE475E2E6}.Release|ARM64.ActiveCfg = Release|Any CPU
		{3CCAD52D-1829-4437-A411-B42AE475E2E6}.Release|ARM64.Build.0 = Release|Any CPU
		{3CCAD52D-1829-4437-A411-B42AE475E2E6}.Release|x64.ActiveCfg = Release|Any CPU
		{3CCAD52D-1829-4437-A411-B42AE475E2E6}.Release|x64.Build.0 = Release|Any CPU
		{3CCAD52D-1829-4437-A411-B42AE475E2E6}.Release|x86.ActiveCfg = Release|Any CPU
		{3CCAD52D-1829-4437-A411-B42AE475E2E6}.Release|x86.Build.0 = Release|Any CPU
		{4FF4A5F1-42D9-41B3-B2F2-85032C156787}.Debug|Any CPU.ActiveCfg = Debug|Any CPU
		{4FF4A5F1-42D9-41B3-B2F2-85032C156787}.Debug|Any CPU.Build.0 = Debug|Any CPU
		{4FF4A5F1-42D9-41B3-B2F2-85032C156787}.Debug|ARM.ActiveCfg = Debug|Any CPU
		{4FF4A5F1-42D9-41B3-B2F2-85032C156787}.Debug|ARM.Build.0 = Debug|Any CPU
		{4FF4A5F1-42D9-41B3-B2F2-85032C156787}.Debug|ARM64.ActiveCfg = Debug|Any CPU
		{4FF4A5F1-42D9-41B3-B2F2-85032C156787}.Debug|ARM64.Build.0 = Debug|Any CPU
		{4FF4A5F1-42D9-41B3-B2F2-85032C156787}.Debug|x64.ActiveCfg = Debug|Any CPU
		{4FF4A5F1-42D9-41B3-B2F2-85032C156787}.Debug|x64.Build.0 = Debug|Any CPU
		{4FF4A5F1-42D9-41B3-B2F2-85032C156787}.Debug|x86.ActiveCfg = Debug|Any CPU
		{4FF4A5F1-42D9-41B3-B2F2-85032C156787}.Debug|x86.Build.0 = Debug|Any CPU
		{4FF4A5F1-42D9-41B3-B2F2-85032C156787}.Release|Any CPU.ActiveCfg = Release|Any CPU
		{4FF4A5F1-42D9-41B3-B2F2-85032C156787}.Release|Any CPU.Build.0 = Release|Any CPU
		{4FF4A5F1-42D9-41B3-B2F2-85032C156787}.Release|ARM.ActiveCfg = Release|Any CPU
		{4FF4A5F1-42D9-41B3-B2F2-85032C156787}.Release|ARM.Build.0 = Release|Any CPU
		{4FF4A5F1-42D9-41B3-B2F2-85032C156787}.Release|ARM64.ActiveCfg = Release|Any CPU
		{4FF4A5F1-42D9-41B3-B2F2-85032C156787}.Release|ARM64.Build.0 = Release|Any CPU
		{4FF4A5F1-42D9-41B3-B2F2-85032C156787}.Release|x64.ActiveCfg = Release|Any CPU
		{4FF4A5F1-42D9-41B3-B2F2-85032C156787}.Release|x64.Build.0 = Release|Any CPU
		{4FF4A5F1-42D9-41B3-B2F2-85032C156787}.Release|x86.ActiveCfg = Release|Any CPU
		{4FF4A5F1-42D9-41B3-B2F2-85032C156787}.Release|x86.Build.0 = Release|Any CPU
		{28377754-10AA-41E5-A1F8-457C3E13D7E3}.Debug|Any CPU.ActiveCfg = Debug|Any CPU
		{28377754-10AA-41E5-A1F8-457C3E13D7E3}.Debug|Any CPU.Build.0 = Debug|Any CPU
		{28377754-10AA-41E5-A1F8-457C3E13D7E3}.Debug|ARM.ActiveCfg = Debug|Any CPU
		{28377754-10AA-41E5-A1F8-457C3E13D7E3}.Debug|ARM.Build.0 = Debug|Any CPU
		{28377754-10AA-41E5-A1F8-457C3E13D7E3}.Debug|ARM64.ActiveCfg = Debug|Any CPU
		{28377754-10AA-41E5-A1F8-457C3E13D7E3}.Debug|ARM64.Build.0 = Debug|Any CPU
		{28377754-10AA-41E5-A1F8-457C3E13D7E3}.Debug|x64.ActiveCfg = Debug|Any CPU
		{28377754-10AA-41E5-A1F8-457C3E13D7E3}.Debug|x64.Build.0 = Debug|Any CPU
		{28377754-10AA-41E5-A1F8-457C3E13D7E3}.Debug|x86.ActiveCfg = Debug|Any CPU
		{28377754-10AA-41E5-A1F8-457C3E13D7E3}.Debug|x86.Build.0 = Debug|Any CPU
		{28377754-10AA-41E5-A1F8-457C3E13D7E3}.Release|Any CPU.ActiveCfg = Release|Any CPU
		{28377754-10AA-41E5-A1F8-457C3E13D7E3}.Release|Any CPU.Build.0 = Release|Any CPU
		{28377754-10AA-41E5-A1F8-457C3E13D7E3}.Release|ARM.ActiveCfg = Release|Any CPU
		{28377754-10AA-41E5-A1F8-457C3E13D7E3}.Release|ARM.Build.0 = Release|Any CPU
		{28377754-10AA-41E5-A1F8-457C3E13D7E3}.Release|ARM64.ActiveCfg = Release|Any CPU
		{28377754-10AA-41E5-A1F8-457C3E13D7E3}.Release|ARM64.Build.0 = Release|Any CPU
		{28377754-10AA-41E5-A1F8-457C3E13D7E3}.Release|x64.ActiveCfg = Release|Any CPU
		{28377754-10AA-41E5-A1F8-457C3E13D7E3}.Release|x64.Build.0 = Release|Any CPU
		{28377754-10AA-41E5-A1F8-457C3E13D7E3}.Release|x86.ActiveCfg = Release|Any CPU
		{28377754-10AA-41E5-A1F8-457C3E13D7E3}.Release|x86.Build.0 = Release|Any CPU
		{4A4798BF-E039-4E05-B2AC-B66015C35B1D}.Debug|Any CPU.ActiveCfg = Debug|Any CPU
		{4A4798BF-E039-4E05-B2AC-B66015C35B1D}.Debug|Any CPU.Build.0 = Debug|Any CPU
		{4A4798BF-E039-4E05-B2AC-B66015C35B1D}.Debug|ARM.ActiveCfg = Debug|Any CPU
		{4A4798BF-E039-4E05-B2AC-B66015C35B1D}.Debug|ARM.Build.0 = Debug|Any CPU
		{4A4798BF-E039-4E05-B2AC-B66015C35B1D}.Debug|ARM64.ActiveCfg = Debug|Any CPU
		{4A4798BF-E039-4E05-B2AC-B66015C35B1D}.Debug|ARM64.Build.0 = Debug|Any CPU
		{4A4798BF-E039-4E05-B2AC-B66015C35B1D}.Debug|x64.ActiveCfg = Debug|Any CPU
		{4A4798BF-E039-4E05-B2AC-B66015C35B1D}.Debug|x64.Build.0 = Debug|Any CPU
		{4A4798BF-E039-4E05-B2AC-B66015C35B1D}.Debug|x86.ActiveCfg = Debug|Any CPU
		{4A4798BF-E039-4E05-B2AC-B66015C35B1D}.Debug|x86.Build.0 = Debug|Any CPU
		{4A4798BF-E039-4E05-B2AC-B66015C35B1D}.Release|Any CPU.ActiveCfg = Release|Any CPU
		{4A4798BF-E039-4E05-B2AC-B66015C35B1D}.Release|Any CPU.Build.0 = Release|Any CPU
		{4A4798BF-E039-4E05-B2AC-B66015C35B1D}.Release|ARM.ActiveCfg = Release|Any CPU
		{4A4798BF-E039-4E05-B2AC-B66015C35B1D}.Release|ARM.Build.0 = Release|Any CPU
		{4A4798BF-E039-4E05-B2AC-B66015C35B1D}.Release|ARM64.ActiveCfg = Release|Any CPU
		{4A4798BF-E039-4E05-B2AC-B66015C35B1D}.Release|ARM64.Build.0 = Release|Any CPU
		{4A4798BF-E039-4E05-B2AC-B66015C35B1D}.Release|x64.ActiveCfg = Release|Any CPU
		{4A4798BF-E039-4E05-B2AC-B66015C35B1D}.Release|x64.Build.0 = Release|Any CPU
		{4A4798BF-E039-4E05-B2AC-B66015C35B1D}.Release|x86.ActiveCfg = Release|Any CPU
		{4A4798BF-E039-4E05-B2AC-B66015C35B1D}.Release|x86.Build.0 = Release|Any CPU
	EndGlobalSection
	GlobalSection(SolutionProperties) = preSolution
		HideSolutionNode = FALSE
	EndGlobalSection
	GlobalSection(ExtensibilityGlobals) = postSolution
		SolutionGuid = {AB0D776B-3E6D-460E-A9F3-7F2D09A11A9C}
	EndGlobalSection
EndGlobal
